
Microsoft Visual Studio Solution File, Format Version 12.00
# Visual Studio Version 17
VisualStudioVersion = 17.10.35013.160
MinimumVisualStudioVersion = 10.0.40219.1
Project("{FAE04EC0-301F-11D3-BF4B-00C04F79EFBC}") = "DesafioUBC.Web.Vue.UI", "src\DesafioUBC.Web.Vue.UI\DesafioUBC.Web.Vue.UI.csproj", "{BF4FE5DE-B820-42B1-B179-900BCE3A0382}"
EndProject
Project("{2150E333-8FDC-42A3-9474-1A3956D46DE8}") = "0 - Presentation", "0 - Presentation", "{C5D1271C-E7A5-498D-86F4-3836CF1DA9A7}"
EndProject
Project("{2150E333-8FDC-42A3-9474-1A3956D46DE8}") = "1 - Application", "1 - Application", "{D106FF1D-8E97-4C49-9DDB-03C1C532DBEC}"
EndProject
Project("{FAE04EC0-301F-11D3-BF4B-00C04F79EFBC}") = "DesafioUBC.Web.UI.Application", "src\DesafioUBC.Web.UI.Application\DesafioUBC.Web.UI.Application.csproj", "{C53B56FE-F373-44E6-A3CC-BE46B4E9587A}"
EndProject
Global
	GlobalSection(SolutionConfigurationPlatforms) = preSolution
		Debug|Any CPU = Debug|Any CPU
		Release|Any CPU = Release|Any CPU
	EndGlobalSection
	GlobalSection(ProjectConfigurationPlatforms) = postSolution
		{BF4FE5DE-B820-42B1-B179-900BCE3A0382}.Debug|Any CPU.ActiveCfg = Debug|Any CPU
		{BF4FE5DE-B820-42B1-B179-900BCE3A0382}.Debug|Any CPU.Build.0 = Debug|Any CPU
		{BF4FE5DE-B820-42B1-B179-900BCE3A0382}.Release|Any CPU.ActiveCfg = Release|Any CPU
		{BF4FE5DE-B820-42B1-B179-900BCE3A0382}.Release|Any CPU.Build.0 = Release|Any CPU
		{C53B56FE-F373-44E6-A3CC-BE46B4E9587A}.Debug|Any CPU.ActiveCfg = Debug|Any CPU
		{C53B56FE-F373-44E6-A3CC-BE46B4E9587A}.Debug|Any CPU.Build.0 = Debug|Any CPU
		{C53B56FE-F373-44E6-A3CC-BE46B4E9587A}.Release|Any CPU.ActiveCfg = Release|Any CPU
		{C53B56FE-F373-44E6-A3CC-BE46B4E9587A}.Release|Any CPU.Build.0 = Release|Any CPU
	EndGlobalSection
	GlobalSection(SolutionProperties) = preSolution
		HideSolutionNode = FALSE
	EndGlobalSection
	GlobalSection(NestedProjects) = preSolution
		{BF4FE5DE-B820-42B1-B179-900BCE3A0382} = {C5D1271C-E7A5-498D-86F4-3836CF1DA9A7}
		{C53B56FE-F373-44E6-A3CC-BE46B4E9587A} = {D106FF1D-8E97-4C49-9DDB-03C1C532DBEC}
	EndGlobalSection
	GlobalSection(ExtensibilityGlobals) = postSolution
		SolutionGuid = {49D60F9F-631E-4D94-8B17-BAA9AA44F640}
	EndGlobalSection
EndGlobal
